
Microsoft Visual Studio Solution File, Format Version 12.00
# Visual Studio Version 16
VisualStudioVersion = 16.0.31025.194
MinimumVisualStudioVersion = 10.0.40219.1
Project("{8BC9CEB8-8B4A-11D0-8D11-00A0C91BC942}") = "DXGICapture", "DXGICapture\DXGICapture.vcxproj", "{1EEFDA93-BB31-434F-A21B-30CE9CFEC5E0}"
EndProject
Project("{8BC9CEB8-8B4A-11D0-8D11-00A0C91BC942}") = "StreamPusher", "StreamPusher\StreamPusher.vcxproj", "{EEC38F8E-4FE8-4A0E-9A89-2E228C80374D}"
EndProject
Project("{8BC9CEB8-8B4A-11D0-8D11-00A0C91BC942}") = "Pusher", "Pusher\Pusher.vcxproj", "{29EF7857-6928-488F-9C83-02823502D346}"
	ProjectSection(ProjectDependencies) = postProject
		{EEC38F8E-4FE8-4A0E-9A89-2E228C80374D} = {EEC38F8E-4FE8-4A0E-9A89-2E228C80374D}
		{1EEFDA93-BB31-434F-A21B-30CE9CFEC5E0} = {1EEFDA93-BB31-434F-A21B-30CE9CFEC5E0}
	EndProjectSection
EndProject
Global
	GlobalSection(SolutionConfigurationPlatforms) = preSolution
		Debug|x64 = Debug|x64
		Debug|x86 = Debug|x86
		Release|x64 = Release|x64
		Release|x86 = Release|x86
	EndGlobalSection
	GlobalSection(ProjectConfigurationPlatforms) = postSolution
		{1EEFDA93-BB31-434F-A21B-30CE9CFEC5E0}.Debug|x64.ActiveCfg = Debug|x64
		{1EEFDA93-BB31-434F-A21B-30CE9CFEC5E0}.Debug|x64.Build.0 = Debug|x64
		{1EEFDA93-BB31-434F-A21B-30CE9CFEC5E0}.Debug|x86.ActiveCfg = Debug|Win32
		{1EEFDA93-BB31-434F-A21B-30CE9CFEC5E0}.Debug|x86.Build.0 = Debug|Win32
		{1EEFDA93-BB31-434F-A21B-30CE9CFEC5E0}.Release|x64.ActiveCfg = Release|x64
		{1EEFDA93-BB31-434F-A21B-30CE9CFEC5E0}.Release|x64.Build.0 = Release|x64
		{1EEFDA93-BB31-434F-A21B-30CE9CFEC5E0}.Release|x86.ActiveCfg = Release|Win32
		{1EEFDA93-BB31-434F-A21B-30CE9CFEC5E0}.Release|x86.Build.0 = Release|Win32
		{EEC38F8E-4FE8-4A0E-9A89-2E228C80374D}.Debug|x64.ActiveCfg = Debug|x64
		{EEC38F8E-4FE8-4A0E-9A89-2E228C80374D}.Debug|x64.Build.0 = Debug|x64
		{EEC38F8E-4FE8-4A0E-9A89-2E228C80374D}.Debug|x86.ActiveCfg = Debug|Win32
		{EEC38F8E-4FE8-4A0E-9A89-2E228C80374D}.Debug|x86.Build.0 = Debug|Win32
		{EEC38F8E-4FE8-4A0E-9A89-2E228C80374D}.Release|x64.ActiveCfg = Release|x64
		{EEC38F8E-4FE8-4A0E-9A89-2E228C80374D}.Release|x64.Build.0 = Release|x64
		{EEC38F8E-4FE8-4A0E-9A89-2E228C80374D}.Release|x86.ActiveCfg = Release|Win32
		{EEC38F8E-4FE8-4A0E-9A89-2E228C80374D}.Release|x86.Build.0 = Release|Win32
		{29EF7857-6928-488F-9C83-02823502D346}.Debug|x64.ActiveCfg = Debug|x64
		{29EF7857-6928-488F-9C83-02823502D346}.Debug|x64.Build.0 = Debug|x64
		{29EF7857-6928-488F-9C83-02823502D346}.Debug|x86.ActiveCfg = Debug|Win32
		{29EF7857-6928-488F-9C83-02823502D346}.Debug|x86.Build.0 = Debug|Win32
		{29EF7857-6928-488F-9C83-02823502D346}.Release|x64.ActiveCfg = Release|x64
		{29EF7857-6928-488F-9C83-02823502D346}.Release|x64.Build.0 = Release|x64
		{29EF7857-6928-488F-9C83-02823502D346}.Release|x86.ActiveCfg = Release|Win32
		{29EF7857-6928-488F-9C83-02823502D346}.Release|x86.Build.0 = Release|Win32
	EndGlobalSection
	GlobalSection(SolutionProperties) = preSolution
		HideSolutionNode = FALSE
	EndGlobalSection
	GlobalSection(ExtensibilityGlobals) = postSolution
		SolutionGuid = {94BCE64D-9C84-4DAB-BED9-2878A516AE7D}
	EndGlobalSection
EndGlobal
